// !$*UTF8*$!
{
	archiveVersion = 1;
	classes = {
	};
	objectVersion = 46;
	objects = {

/* Begin PBXBuildFile section */
		BE69D4C9162B0CAE00BF27A3 /* Date.m in Sources */ = {isa = PBXBuildFile; fileRef = BE69D4C8162B0CAE00BF27A3 /* Date.m */; };
		BE9BF89D1627A8970081CE7D /* UIKit.framework in Frameworks */ = {isa = PBXBuildFile; fileRef = BE9BF89C1627A8970081CE7D /* UIKit.framework */; };
		BE9BF89F1627A8970081CE7D /* Foundation.framework in Frameworks */ = {isa = PBXBuildFile; fileRef = BE9BF89E1627A8970081CE7D /* Foundation.framework */; };
		BE9BF8A11627A8970081CE7D /* CoreGraphics.framework in Frameworks */ = {isa = PBXBuildFile; fileRef = BE9BF8A01627A8970081CE7D /* CoreGraphics.framework */; };
		BE9BF8A71627A8970081CE7D /* InfoPlist.strings in Resources */ = {isa = PBXBuildFile; fileRef = BE9BF8A51627A8970081CE7D /* InfoPlist.strings */; };
		BE9BF8A91627A8970081CE7D /* main.m in Sources */ = {isa = PBXBuildFile; fileRef = BE9BF8A81627A8970081CE7D /* main.m */; };
		BE9BF8AD1627A8970081CE7D /* DateAppDelegate.m in Sources */ = {isa = PBXBuildFile; fileRef = BE9BF8AC1627A8970081CE7D /* DateAppDelegate.m */; };
/* End PBXBuildFile section */

/* Begin PBXFileReference section */
		BE69D4C7162B0CAE00BF27A3 /* Date.h */ = {isa = PBXFileReference; fileEncoding = 4; lastKnownFileType = sourcecode.c.h; path = Date.h; sourceTree = "<group>"; };
		BE69D4C8162B0CAE00BF27A3 /* Date.m */ = {isa = PBXFileReference; fileEncoding = 4; lastKnownFileType = sourcecode.c.objc; path = Date.m; sourceTree = "<group>"; };
		BE9BF8981627A8970081CE7D /* Date.app */ = {isa = PBXFileReference; explicitFileType = wrapper.application; includeInIndex = 0; path = Date.app; sourceTree = BUILT_PRODUCTS_DIR; };
		BE9BF89C1627A8970081CE7D /* UIKit.framework */ = {isa = PBXFileReference; lastKnownFileType = wrapper.framework; name = UIKit.framework; path = System/Library/Frameworks/UIKit.framework; sourceTree = SDKROOT; };
		BE9BF89E1627A8970081CE7D /* Foundation.framework */ = {isa = PBXFileReference; lastKnownFileType = wrapper.framework; name = Foundation.framework; path = System/Library/Frameworks/Foundation.framework; sourceTree = SDKROOT; };
		BE9BF8A01627A8970081CE7D /* CoreGraphics.framework */ = {isa = PBXFileReference; lastKnownFileType = wrapper.framework; name = CoreGraphics.framework; path = System/Library/Frameworks/CoreGraphics.framework; sourceTree = SDKROOT; };
		BE9BF8A41627A8970081CE7D /* Date-Info.plist */ = {isa = PBXFileReference; lastKnownFileType = text.plist.xml; path = "Date-Info.plist"; sourceTree = "<group>"; };
		BE9BF8A61627A8970081CE7D /* en */ = {isa = PBXFileReference; lastKnownFileType = text.plist.strings; name = en; path = en.lproj/InfoPlist.strings; sourceTree = "<group>"; };
		BE9BF8A81627A8970081CE7D /* main.m */ = {isa = PBXFileReference; lastKnownFileType = sourcecode.c.objc; path = main.m; sourceTree = "<group>"; };
		BE9BF8AA1627A8970081CE7D /* Date-Prefix.pch */ = {isa = PBXFileReference; lastKnownFileType = sourcecode.c.h; path = "Date-Prefix.pch"; sourceTree = "<group>"; };
		BE9BF8AB1627A8970081CE7D /* DateAppDelegate.h */ = {isa = PBXFileReference; lastKnownFileType = sourcecode.c.h; path = DateAppDelegate.h; sourceTree = "<group>"; };
		BE9BF8AC1627A8970081CE7D /* DateAppDelegate.m */ = {isa = PBXFileReference; lastKnownFileType = sourcecode.c.objc; path = DateAppDelegate.m; sourceTree = "<group>"; };
/* End PBXFileReference section */

/* Begin PBXFrameworksBuildPhase section */
		BE9BF8951627A8970081CE7D /* Frameworks */ = {
			isa = PBXFrameworksBuildPhase;
			buildActionMask = 2147483647;
			files = (
				BE9BF89D1627A8970081CE7D /* UIKit.framework in Frameworks */,
				BE9BF89F1627A8970081CE7D /* Foundation.framework in Frameworks */,
				BE9BF8A11627A8970081CE7D /* CoreGraphics.framework in Frameworks */,
			);
			runOnlyForDeploymentPostprocessing = 0;
		};
/* End PBXFrameworksBuildPhase section */

/* Begin PBXGroup section */
		BE9BF88D1627A8970081CE7D = {
			isa = PBXGroup;
			children = (
				BE9BF8A21627A8970081CE7D /* Date */,
				BE9BF89B1627A8970081CE7D /* Frameworks */,
				BE9BF8991627A8970081CE7D /* Products */,
			);
			sourceTree = "<group>";
		};
		BE9BF8991627A8970081CE7D /* Products */ = {
			isa = PBXGroup;
			children = (
				BE9BF8981627A8970081CE7D /* Date.app */,
			);
			name = Products;
			sourceTree = "<group>";
		};
		BE9BF89B1627A8970081CE7D /* Frameworks */ = {
			isa = PBXGroup;
			children = (
				BE9BF89C1627A8970081CE7D /* UIKit.framework */,
				BE9BF89E1627A8970081CE7D /* Foundation.framework */,
				BE9BF8A01627A8970081CE7D /* CoreGraphics.framework */,
			);
			name = Frameworks;
			sourceTree = "<group>";
		};
		BE9BF8A21627A8970081CE7D /* Date */ = {
			isa = PBXGroup;
			children = (
				BE9BF8AB1627A8970081CE7D /* DateAppDelegate.h */,
				BE9BF8AC1627A8970081CE7D /* DateAppDelegate.m */,
				BE9BF8A31627A8970081CE7D /* Supporting Files */,
				BE69D4C7162B0CAE00BF27A3 /* Date.h */,
				BE69D4C8162B0CAE00BF27A3 /* Date.m */,
			);
			path = Date;
			sourceTree = "<group>";
		};
		BE9BF8A31627A8970081CE7D /* Supporting Files */ = {
			isa = PBXGroup;
			children = (
				BE9BF8A41627A8970081CE7D /* Date-Info.plist */,
				BE9BF8A51627A8970081CE7D /* InfoPlist.strings */,
				BE9BF8A81627A8970081CE7D /* main.m */,
				BE9BF8AA1627A8970081CE7D /* Date-Prefix.pch */,
			);
			name = "Supporting Files";
			sourceTree = "<group>";
		};
/* End PBXGroup section */

/* Begin PBXNativeTarget section */
		BE9BF8971627A8970081CE7D /* Date */ = {
			isa = PBXNativeTarget;
			buildConfigurationList = BE9BF8B01627A8970081CE7D /* Build configuration list for PBXNativeTarget "Date" */;
			buildPhases = (
				BE9BF8941627A8970081CE7D /* Sources */,
				BE9BF8951627A8970081CE7D /* Frameworks */,
				BE9BF8961627A8970081CE7D /* Resources */,
			);
			buildRules = (
			);
			dependencies = (
			);
			name = Date;
			productName = Date;
			productReference = BE9BF8981627A8970081CE7D /* Date.app */;
			productType = "com.apple.product-type.application";
		};
/* End PBXNativeTarget section */

/* Begin PBXProject section */
		BE9BF88F1627A8970081CE7D /* Project object */ = {
			isa = PBXProject;
			attributes = {
				LastUpgradeCheck = 0420;
			};
			buildConfigurationList = BE9BF8921627A8970081CE7D /* Build configuration list for PBXProject "Date" */;
			compatibilityVersion = "Xcode 3.2";
			developmentRegion = English;
			hasScannedForEncodings = 0;
			knownRegions = (
				en,
			);
			mainGroup = BE9BF88D1627A8970081CE7D;
			productRefGroup = BE9BF8991627A8970081CE7D /* Products */;
			projectDirPath = "";
			projectRoot = "";
			targets = (
				BE9BF8971627A8970081CE7D /* Date */,
			);
		};
/* End PBXProject section */

/* Begin PBXResourcesBuildPhase section */
		BE9BF8961627A8970081CE7D /* Resources */ = {
			isa = PBXResourcesBuildPhase;
			buildActionMask = 2147483647;
			files = (
				BE9BF8A71627A8970081CE7D /* InfoPlist.strings in Resources */,
			);
			runOnlyForDeploymentPostprocessing = 0;
		};
/* End PBXResourcesBuildPhase section */

/* Begin PBXSourcesBuildPhase section */
		BE9BF8941627A8970081CE7D /* Sources */ = {
			isa = PBXSourcesBuildPhase;
			buildActionMask = 2147483647;
			files = (
				BE9BF8A91627A8970081CE7D /* main.m in Sources */,
				BE9BF8AD1627A8970081CE7D /* DateAppDelegate.m in Sources */,
				BE69D4C9162B0CAE00BF27A3 /* Date.m in Sources */,
			);
			runOnlyForDeploymentPostprocessing = 0;
		};
/* End PBXSourcesBuildPhase section */

/* Begin PBXVariantGroup section */
		BE9BF8A51627A8970081CE7D /* InfoPlist.strings */ = {
			isa = PBXVariantGroup;
			children = (
				BE9BF8A61627A8970081CE7D /* en */,
			);
			name = InfoPlist.strings;
			sourceTree = "<group>";
		};
/* End PBXVariantGroup section */

/* Begin XCBuildConfiguration section */
		BE9BF8AE1627A8970081CE7D /* Debug */ = {
			isa = XCBuildConfiguration;
			buildSettings = {
				ALWAYS_SEARCH_USER_PATHS = NO;
				ARCHS = "$(ARCHS_STANDARD_32_BIT)";
				CLANG_ENABLE_OBJC_ARC = YES;
				"CODE_SIGN_IDENTITY[sdk=iphoneos*]" = "iPhone Developer";
				COPY_PHASE_STRIP = NO;
				GCC_C_LANGUAGE_STANDARD = gnu99;
				GCC_DYNAMIC_NO_PIC = NO;
				GCC_OPTIMIZATION_LEVEL = 0;
				GCC_PREPROCESSOR_DEFINITIONS = (
					"DEBUG=1",
					"$(inherited)",
				);
				GCC_SYMBOLS_PRIVATE_EXTERN = NO;
				GCC_VERSION = com.apple.compilers.llvm.clang.1_0;
				GCC_WARN_ABOUT_MISSING_PROTOTYPES = YES;
				GCC_WARN_ABOUT_RETURN_TYPE = YES;
				GCC_WARN_UNUSED_VARIABLE = YES;
				IPHONEOS_DEPLOYMENT_TARGET = 5.0;
				SDKROOT = iphoneos;
			};
			name = Debug;
		};
		BE9BF8AF1627A8970081CE7D /* Release */ = {
			isa = XCBuildConfiguration;
			buildSettings = {
				ALWAYS_SEARCH_USER_PATHS = NO;
				ARCHS = "$(ARCHS_STANDARD_32_BIT)";
				CLANG_ENABLE_OBJC_ARC = YES;
				"CODE_SIGN_IDENTITY[sdk=iphoneos*]" = "iPhone Developer";
				COPY_PHASE_STRIP = YES;
				GCC_C_LANGUAGE_STANDARD = gnu99;
				GCC_VERSION = com.apple.compilers.llvm.clang.1_0;
				GCC_WARN_ABOUT_MISSING_PROTOTYPES = YES;
				GCC_WARN_ABOUT_RETURN_TYPE = YES;
				GCC_WARN_UNUSED_VARIABLE = YES;
				IPHONEOS_DEPLOYMENT_TARGET = 5.0;
				OTHER_CFLAGS = "-DNS_BLOCK_ASSERTIONS=1";
				SDKROOT = iphoneos;
				VALIDATE_PRODUCT = YES;
			};
			name = Release;
		};
		BE9BF8B11627A8970081CE7D /* Debug */ = {
			isa = XCBuildConfiguration;
			buildSettings = {
				GCC_PRECOMPILE_PREFIX_HEADER = YES;
				GCC_PREFIX_HEADER = "Date/Date-Prefix.pch";
				INFOPLIST_FILE = "Date/Date-Info.plist";
				PRODUCT_NAME = "$(TARGET_NAME)";
				WRAPPER_EXTENSION = app;
			};
			name = Debug;
		};
		BE9BF8B21627A8970081CE7D /* Release */ = {
			isa = XCBuildConfiguration;
			buildSettings = {
				GCC_PRECOMPILE_PREFIX_HEADER = YES;
				GCC_PREFIX_HEADER = "Date/Date-Prefix.pch";
				INFOPLIST_FILE = "Date/Date-Info.plist";
				PRODUCT_NAME = "$(TARGET_NAME)";
				WRAPPER_EXTENSION = app;
			};
			name = Release;
		};
/* End XCBuildConfiguration section */

/* Begin XCConfigurationList section */
		BE9BF8921627A8970081CE7D /* Build configuration list for PBXProject "Date" */ = {
			isa = XCConfigurationList;
			buildConfigurations = (
				BE9BF8AE1627A8970081CE7D /* Debug */,
				BE9BF8AF1627A8970081CE7D /* Release */,
			);
			defaultConfigurationIsVisible = 0;
			defaultConfigurationName = Release;
		};
		BE9BF8B01627A8970081CE7D /* Build configuration list for PBXNativeTarget "Date" */ = {
			isa = XCConfigurationList;
			buildConfigurations = (
				BE9BF8B11627A8970081CE7D /* Debug */,
				BE9BF8B21627A8970081CE7D /* Release */,
			);
			defaultConfigurationIsVisible = 0;
			defaultConfigurationName = Release;
		};
/* End XCConfigurationList section */
	};
	rootObject = BE9BF88F1627A8970081CE7D /* Project object */;
}
